
Microsoft Visual Studio Solution File, Format Version 12.00
# Visual Studio Version 16
VisualStudioVersion = 16.0.31515.178
MinimumVisualStudioVersion = 10.0.40219.1
Project("{8BC9CEB8-8B4A-11D0-8D11-00A0C91BC942}") = "GIthubTestcpp", "GIthubTestcpp\GIthubTestcpp.vcxproj", "{ABB1A216-8704-4D4F-8C14-04C8225B0A2A}"
EndProject
Project("{8BC9CEB8-8B4A-11D0-8D11-00A0C91BC942}") = "ProgrammingClass", "ProgrammingClass\ProgrammingClass.vcxproj", "{4FDBF8D8-547E-4387-BA88-8D19CB20FE9C}"
EndProject
Project("{8BC9CEB8-8B4A-11D0-8D11-00A0C91BC942}") = "Static_problem_1", "Static_problem_1\Static_problem_1.vcxproj", "{06BA2ED5-EC44-41B1-94D8-8E836519A674}"
EndProject
Project("{8BC9CEB8-8B4A-11D0-8D11-00A0C91BC942}") = "Static_problem_2", "Static_problem_2\Static_problem_2.vcxproj", "{AE18B13D-3745-4A56-B98A-4556741935CF}"
EndProject
Project("{8BC9CEB8-8B4A-11D0-8D11-00A0C91BC942}") = "20210901_static_game", "Static_problem_3\Static_problem_3.vcxproj", "{49979D1C-9D11-4826-B28D-694C42FCB877}"
EndProject
Project("{8BC9CEB8-8B4A-11D0-8D11-00A0C91BC942}") = "baekjoon_10817", "baekjoon_10817\baekjoon_10817.vcxproj", "{A69B3E8E-2F08-4AFA-99F9-A8200C455C90}"
EndProject
Project("{8BC9CEB8-8B4A-11D0-8D11-00A0C91BC942}") = "20210906_opparray_ex1", "20210906_opparray_ex1\20210906_opparray_ex1.vcxproj", "{630915A4-64CF-4C75-8E9E-C8902005BDFF}"
EndProject
Project("{8BC9CEB8-8B4A-11D0-8D11-00A0C91BC942}") = "20210906_vector", "20210906_vector\20210906_vector.vcxproj", "{9D210563-482E-4D9E-AB23-49F86310256F}"
EndProject
Project("{8BC9CEB8-8B4A-11D0-8D11-00A0C91BC942}") = "20210906_templete", "20210906_templete\20210906_templete.vcxproj", "{3096CE31-D417-49AE-A8F0-8F9D2AC47760}"
EndProject
Project("{8BC9CEB8-8B4A-11D0-8D11-00A0C91BC942}") = "20210908_vector_ex1", "20210908_vector_ex1\20210908_vector_ex1.vcxproj", "{D8F0F6E2-7F92-4BDC-96C4-035B8AA754EC}"
EndProject
Project("{8BC9CEB8-8B4A-11D0-8D11-00A0C91BC942}") = "20210908_vector_ex2", "20210908_vector_ex2\20210908_vector_ex2.vcxproj", "{AEE71C4A-6C08-4C4C-A773-44C276D35F3A}"
EndProject
Project("{8BC9CEB8-8B4A-11D0-8D11-00A0C91BC942}") = "20210908_vector_ex3", "20210908_vector_ex32\20210908_vector_ex32.vcxproj", "{458F3E2C-2DAA-470B-87DC-7DE119BA6BC1}"
EndProject
Project("{8BC9CEB8-8B4A-11D0-8D11-00A0C91BC942}") = "20210908_vector_quest1", "20210908_vector_quest1\20210908_vector_quest1.vcxproj", "{4409F285-7B3B-4000-9C71-7D4FF555FDBE}"
EndProject
Project("{8BC9CEB8-8B4A-11D0-8D11-00A0C91BC942}") = "20210908_vector_quest2", "20210908_vector_quest2\20210908_vector_quest2.vcxproj", "{0271E713-D1D3-44AA-AD8B-925614607B4C}"
EndProject
Project("{8BC9CEB8-8B4A-11D0-8D11-00A0C91BC942}") = "20210913_MoviE", "20210913_MoviE\20210913_MoviE.vcxproj", "{BF0E8B3B-ED0B-4FC7-AA82-A411FE7C1EB2}"
EndProject
Project("{8BC9CEB8-8B4A-11D0-8D11-00A0C91BC942}") = "20210913_vector_question", "20210913_vector_question\20210913_vector_question.vcxproj", "{FB481985-B0BD-4AC2-BFEF-1198D991CFAE}"
EndProject
Project("{8BC9CEB8-8B4A-11D0-8D11-00A0C91BC942}") = "20210915_과제_Contact", "20210915_과제_Contact\20210915_과제_Contact.vcxproj", "{EABF6C6A-37A3-4CE8-B287-53DFF89BC278}"
EndProject
Project("{8BC9CEB8-8B4A-11D0-8D11-00A0C91BC942}") = "20210915_vector_person_sort", "20210915_vector_person_sort\20210915_vector_person_sort.vcxproj", "{598103D4-D943-45D9-9642-716B1596774D}"
EndProject
Global
	GlobalSection(SolutionConfigurationPlatforms) = preSolution
		Debug|x64 = Debug|x64
		Debug|x86 = Debug|x86
		Release|x64 = Release|x64
		Release|x86 = Release|x86
	EndGlobalSection
	GlobalSection(ProjectConfigurationPlatforms) = postSolution
		{ABB1A216-8704-4D4F-8C14-04C8225B0A2A}.Debug|x64.ActiveCfg = Debug|x64
		{ABB1A216-8704-4D4F-8C14-04C8225B0A2A}.Debug|x64.Build.0 = Debug|x64
		{ABB1A216-8704-4D4F-8C14-04C8225B0A2A}.Debug|x86.ActiveCfg = Debug|Win32
		{ABB1A216-8704-4D4F-8C14-04C8225B0A2A}.Debug|x86.Build.0 = Debug|Win32
		{ABB1A216-8704-4D4F-8C14-04C8225B0A2A}.Release|x64.ActiveCfg = Release|x64
		{ABB1A216-8704-4D4F-8C14-04C8225B0A2A}.Release|x64.Build.0 = Release|x64
		{ABB1A216-8704-4D4F-8C14-04C8225B0A2A}.Release|x86.ActiveCfg = Release|Win32
		{ABB1A216-8704-4D4F-8C14-04C8225B0A2A}.Release|x86.Build.0 = Release|Win32
		{4FDBF8D8-547E-4387-BA88-8D19CB20FE9C}.Debug|x64.ActiveCfg = Debug|x64
		{4FDBF8D8-547E-4387-BA88-8D19CB20FE9C}.Debug|x64.Build.0 = Debug|x64
		{4FDBF8D8-547E-4387-BA88-8D19CB20FE9C}.Debug|x86.ActiveCfg = Debug|Win32
		{4FDBF8D8-547E-4387-BA88-8D19CB20FE9C}.Debug|x86.Build.0 = Debug|Win32
		{4FDBF8D8-547E-4387-BA88-8D19CB20FE9C}.Release|x64.ActiveCfg = Release|x64
		{4FDBF8D8-547E-4387-BA88-8D19CB20FE9C}.Release|x64.Build.0 = Release|x64
		{4FDBF8D8-547E-4387-BA88-8D19CB20FE9C}.Release|x86.ActiveCfg = Release|Win32
		{4FDBF8D8-547E-4387-BA88-8D19CB20FE9C}.Release|x86.Build.0 = Release|Win32
		{06BA2ED5-EC44-41B1-94D8-8E836519A674}.Debug|x64.ActiveCfg = Debug|x64
		{06BA2ED5-EC44-41B1-94D8-8E836519A674}.Debug|x64.Build.0 = Debug|x64
		{06BA2ED5-EC44-41B1-94D8-8E836519A674}.Debug|x86.ActiveCfg = Debug|Win32
		{06BA2ED5-EC44-41B1-94D8-8E836519A674}.Debug|x86.Build.0 = Debug|Win32
		{06BA2ED5-EC44-41B1-94D8-8E836519A674}.Release|x64.ActiveCfg = Release|x64
		{06BA2ED5-EC44-41B1-94D8-8E836519A674}.Release|x64.Build.0 = Release|x64
		{06BA2ED5-EC44-41B1-94D8-8E836519A674}.Release|x86.ActiveCfg = Release|Win32
		{06BA2ED5-EC44-41B1-94D8-8E836519A674}.Release|x86.Build.0 = Release|Win32
		{AE18B13D-3745-4A56-B98A-4556741935CF}.Debug|x64.ActiveCfg = Debug|x64
		{AE18B13D-3745-4A56-B98A-4556741935CF}.Debug|x64.Build.0 = Debug|x64
		{AE18B13D-3745-4A56-B98A-4556741935CF}.Debug|x86.ActiveCfg = Debug|Win32
		{AE18B13D-3745-4A56-B98A-4556741935CF}.Debug|x86.Build.0 = Debug|Win32
		{AE18B13D-3745-4A56-B98A-4556741935CF}.Release|x64.ActiveCfg = Release|x64
		{AE18B13D-3745-4A56-B98A-4556741935CF}.Release|x64.Build.0 = Release|x64
		{AE18B13D-3745-4A56-B98A-4556741935CF}.Release|x86.ActiveCfg = Release|Win32
		{AE18B13D-3745-4A56-B98A-4556741935CF}.Release|x86.Build.0 = Release|Win32
		{49979D1C-9D11-4826-B28D-694C42FCB877}.Debug|x64.ActiveCfg = Debug|x64
		{49979D1C-9D11-4826-B28D-694C42FCB877}.Debug|x64.Build.0 = Debug|x64
		{49979D1C-9D11-4826-B28D-694C42FCB877}.Debug|x86.ActiveCfg = Debug|Win32
		{49979D1C-9D11-4826-B28D-694C42FCB877}.Debug|x86.Build.0 = Debug|Win32
		{49979D1C-9D11-4826-B28D-694C42FCB877}.Release|x64.ActiveCfg = Release|x64
		{49979D1C-9D11-4826-B28D-694C42FCB877}.Release|x64.Build.0 = Release|x64
		{49979D1C-9D11-4826-B28D-694C42FCB877}.Release|x86.ActiveCfg = Release|Win32
		{49979D1C-9D11-4826-B28D-694C42FCB877}.Release|x86.Build.0 = Release|Win32
		{A69B3E8E-2F08-4AFA-99F9-A8200C455C90}.Debug|x64.ActiveCfg = Debug|x64
		{A69B3E8E-2F08-4AFA-99F9-A8200C455C90}.Debug|x64.Build.0 = Debug|x64
		{A69B3E8E-2F08-4AFA-99F9-A8200C455C90}.Debug|x86.ActiveCfg = Debug|Win32
		{A69B3E8E-2F08-4AFA-99F9-A8200C455C90}.Debug|x86.Build.0 = Debug|Win32
		{A69B3E8E-2F08-4AFA-99F9-A8200C455C90}.Release|x64.ActiveCfg = Release|x64
		{A69B3E8E-2F08-4AFA-99F9-A8200C455C90}.Release|x64.Build.0 = Release|x64
		{A69B3E8E-2F08-4AFA-99F9-A8200C455C90}.Release|x86.ActiveCfg = Release|Win32
		{A69B3E8E-2F08-4AFA-99F9-A8200C455C90}.Release|x86.Build.0 = Release|Win32
		{630915A4-64CF-4C75-8E9E-C8902005BDFF}.Debug|x64.ActiveCfg = Debug|x64
		{630915A4-64CF-4C75-8E9E-C8902005BDFF}.Debug|x64.Build.0 = Debug|x64
		{630915A4-64CF-4C75-8E9E-C8902005BDFF}.Debug|x86.ActiveCfg = Debug|Win32
		{630915A4-64CF-4C75-8E9E-C8902005BDFF}.Debug|x86.Build.0 = Debug|Win32
		{630915A4-64CF-4C75-8E9E-C8902005BDFF}.Release|x64.ActiveCfg = Release|x64
		{630915A4-64CF-4C75-8E9E-C8902005BDFF}.Release|x64.Build.0 = Release|x64
		{630915A4-64CF-4C75-8E9E-C8902005BDFF}.Release|x86.ActiveCfg = Release|Win32
		{630915A4-64CF-4C75-8E9E-C8902005BDFF}.Release|x86.Build.0 = Release|Win32
		{9D210563-482E-4D9E-AB23-49F86310256F}.Debug|x64.ActiveCfg = Debug|x64
		{9D210563-482E-4D9E-AB23-49F86310256F}.Debug|x64.Build.0 = Debug|x64
		{9D210563-482E-4D9E-AB23-49F86310256F}.Debug|x86.ActiveCfg = Debug|Win32
		{9D210563-482E-4D9E-AB23-49F86310256F}.Debug|x86.Build.0 = Debug|Win32
		{9D210563-482E-4D9E-AB23-49F86310256F}.Release|x64.ActiveCfg = Release|x64
		{9D210563-482E-4D9E-AB23-49F86310256F}.Release|x64.Build.0 = Release|x64
		{9D210563-482E-4D9E-AB23-49F86310256F}.Release|x86.ActiveCfg = Release|Win32
		{9D210563-482E-4D9E-AB23-49F86310256F}.Release|x86.Build.0 = Release|Win32
		{3096CE31-D417-49AE-A8F0-8F9D2AC47760}.Debug|x64.ActiveCfg = Debug|x64
		{3096CE31-D417-49AE-A8F0-8F9D2AC47760}.Debug|x64.Build.0 = Debug|x64
		{3096CE31-D417-49AE-A8F0-8F9D2AC47760}.Debug|x86.ActiveCfg = Debug|Win32
		{3096CE31-D417-49AE-A8F0-8F9D2AC47760}.Debug|x86.Build.0 = Debug|Win32
		{3096CE31-D417-49AE-A8F0-8F9D2AC47760}.Release|x64.ActiveCfg = Release|x64
		{3096CE31-D417-49AE-A8F0-8F9D2AC47760}.Release|x64.Build.0 = Release|x64
		{3096CE31-D417-49AE-A8F0-8F9D2AC47760}.Release|x86.ActiveCfg = Release|Win32
		{3096CE31-D417-49AE-A8F0-8F9D2AC47760}.Release|x86.Build.0 = Release|Win32
		{D8F0F6E2-7F92-4BDC-96C4-035B8AA754EC}.Debug|x64.ActiveCfg = Debug|x64
		{D8F0F6E2-7F92-4BDC-96C4-035B8AA754EC}.Debug|x64.Build.0 = Debug|x64
		{D8F0F6E2-7F92-4BDC-96C4-035B8AA754EC}.Debug|x86.ActiveCfg = Debug|Win32
		{D8F0F6E2-7F92-4BDC-96C4-035B8AA754EC}.Debug|x86.Build.0 = Debug|Win32
		{D8F0F6E2-7F92-4BDC-96C4-035B8AA754EC}.Release|x64.ActiveCfg = Release|x64
		{D8F0F6E2-7F92-4BDC-96C4-035B8AA754EC}.Release|x64.Build.0 = Release|x64
		{D8F0F6E2-7F92-4BDC-96C4-035B8AA754EC}.Release|x86.ActiveCfg = Release|Win32
		{D8F0F6E2-7F92-4BDC-96C4-035B8AA754EC}.Release|x86.Build.0 = Release|Win32
		{AEE71C4A-6C08-4C4C-A773-44C276D35F3A}.Debug|x64.ActiveCfg = Debug|x64
		{AEE71C4A-6C08-4C4C-A773-44C276D35F3A}.Debug|x64.Build.0 = Debug|x64
		{AEE71C4A-6C08-4C4C-A773-44C276D35F3A}.Debug|x86.ActiveCfg = Debug|Win32
		{AEE71C4A-6C08-4C4C-A773-44C276D35F3A}.Debug|x86.Build.0 = Debug|Win32
		{AEE71C4A-6C08-4C4C-A773-44C276D35F3A}.Release|x64.ActiveCfg = Release|x64
		{AEE71C4A-6C08-4C4C-A773-44C276D35F3A}.Release|x64.Build.0 = Release|x64
		{AEE71C4A-6C08-4C4C-A773-44C276D35F3A}.Release|x86.ActiveCfg = Release|Win32
		{AEE71C4A-6C08-4C4C-A773-44C276D35F3A}.Release|x86.Build.0 = Release|Win32
		{458F3E2C-2DAA-470B-87DC-7DE119BA6BC1}.Debug|x64.ActiveCfg = Debug|x64
		{458F3E2C-2DAA-470B-87DC-7DE119BA6BC1}.Debug|x64.Build.0 = Debug|x64
		{458F3E2C-2DAA-470B-87DC-7DE119BA6BC1}.Debug|x86.ActiveCfg = Debug|Win32
		{458F3E2C-2DAA-470B-87DC-7DE119BA6BC1}.Debug|x86.Build.0 = Debug|Win32
		{458F3E2C-2DAA-470B-87DC-7DE119BA6BC1}.Release|x64.ActiveCfg = Release|x64
		{458F3E2C-2DAA-470B-87DC-7DE119BA6BC1}.Release|x64.Build.0 = Release|x64
		{458F3E2C-2DAA-470B-87DC-7DE119BA6BC1}.Release|x86.ActiveCfg = Release|Win32
		{458F3E2C-2DAA-470B-87DC-7DE119BA6BC1}.Release|x86.Build.0 = Release|Win32
		{4409F285-7B3B-4000-9C71-7D4FF555FDBE}.Debug|x64.ActiveCfg = Debug|x64
		{4409F285-7B3B-4000-9C71-7D4FF555FDBE}.Debug|x64.Build.0 = Debug|x64
		{4409F285-7B3B-4000-9C71-7D4FF555FDBE}.Debug|x86.ActiveCfg = Debug|Win32
		{4409F285-7B3B-4000-9C71-7D4FF555FDBE}.Debug|x86.Build.0 = Debug|Win32
		{4409F285-7B3B-4000-9C71-7D4FF555FDBE}.Release|x64.ActiveCfg = Release|x64
		{4409F285-7B3B-4000-9C71-7D4FF555FDBE}.Release|x64.Build.0 = Release|x64
		{4409F285-7B3B-4000-9C71-7D4FF555FDBE}.Release|x86.ActiveCfg = Release|Win32
		{4409F285-7B3B-4000-9C71-7D4FF555FDBE}.Release|x86.Build.0 = Release|Win32
		{0271E713-D1D3-44AA-AD8B-925614607B4C}.Debug|x64.ActiveCfg = Debug|x64
		{0271E713-D1D3-44AA-AD8B-925614607B4C}.Debug|x64.Build.0 = Debug|x64
		{0271E713-D1D3-44AA-AD8B-925614607B4C}.Debug|x86.ActiveCfg = Debug|Win32
		{0271E713-D1D3-44AA-AD8B-925614607B4C}.Debug|x86.Build.0 = Debug|Win32
		{0271E713-D1D3-44AA-AD8B-925614607B4C}.Release|x64.ActiveCfg = Release|x64
		{0271E713-D1D3-44AA-AD8B-925614607B4C}.Release|x64.Build.0 = Release|x64
		{0271E713-D1D3-44AA-AD8B-925614607B4C}.Release|x86.ActiveCfg = Release|Win32
		{0271E713-D1D3-44AA-AD8B-925614607B4C}.Release|x86.Build.0 = Release|Win32
		{BF0E8B3B-ED0B-4FC7-AA82-A411FE7C1EB2}.Debug|x64.ActiveCfg = Debug|x64
		{BF0E8B3B-ED0B-4FC7-AA82-A411FE7C1EB2}.Debug|x64.Build.0 = Debug|x64
		{BF0E8B3B-ED0B-4FC7-AA82-A411FE7C1EB2}.Debug|x86.ActiveCfg = Debug|Win32
		{BF0E8B3B-ED0B-4FC7-AA82-A411FE7C1EB2}.Debug|x86.Build.0 = Debug|Win32
		{BF0E8B3B-ED0B-4FC7-AA82-A411FE7C1EB2}.Release|x64.ActiveCfg = Release|x64
		{BF0E8B3B-ED0B-4FC7-AA82-A411FE7C1EB2}.Release|x64.Build.0 = Release|x64
		{BF0E8B3B-ED0B-4FC7-AA82-A411FE7C1EB2}.Release|x86.ActiveCfg = Release|Win32
		{BF0E8B3B-ED0B-4FC7-AA82-A411FE7C1EB2}.Release|x86.Build.0 = Release|Win32
		{FB481985-B0BD-4AC2-BFEF-1198D991CFAE}.Debug|x64.ActiveCfg = Debug|x64
		{FB481985-B0BD-4AC2-BFEF-1198D991CFAE}.Debug|x64.Build.0 = Debug|x64
		{FB481985-B0BD-4AC2-BFEF-1198D991CFAE}.Debug|x86.ActiveCfg = Debug|Win32
		{FB481985-B0BD-4AC2-BFEF-1198D991CFAE}.Debug|x86.Build.0 = Debug|Win32
		{FB481985-B0BD-4AC2-BFEF-1198D991CFAE}.Release|x64.ActiveCfg = Release|x64
		{FB481985-B0BD-4AC2-BFEF-1198D991CFAE}.Release|x64.Build.0 = Release|x64
		{FB481985-B0BD-4AC2-BFEF-1198D991CFAE}.Release|x86.ActiveCfg = Release|Win32
		{FB481985-B0BD-4AC2-BFEF-1198D991CFAE}.Release|x86.Build.0 = Release|Win32
		{EABF6C6A-37A3-4CE8-B287-53DFF89BC278}.Debug|x64.ActiveCfg = Debug|x64
		{EABF6C6A-37A3-4CE8-B287-53DFF89BC278}.Debug|x64.Build.0 = Debug|x64
		{EABF6C6A-37A3-4CE8-B287-53DFF89BC278}.Debug|x86.ActiveCfg = Debug|Win32
		{EABF6C6A-37A3-4CE8-B287-53DFF89BC278}.Debug|x86.Build.0 = Debug|Win32
		{EABF6C6A-37A3-4CE8-B287-53DFF89BC278}.Release|x64.ActiveCfg = Release|x64
		{EABF6C6A-37A3-4CE8-B287-53DFF89BC278}.Release|x64.Build.0 = Release|x64
		{EABF6C6A-37A3-4CE8-B287-53DFF89BC278}.Release|x86.ActiveCfg = Release|Win32
		{EABF6C6A-37A3-4CE8-B287-53DFF89BC278}.Release|x86.Build.0 = Release|Win32
		{598103D4-D943-45D9-9642-716B1596774D}.Debug|x64.ActiveCfg = Debug|x64
		{598103D4-D943-45D9-9642-716B1596774D}.Debug|x64.Build.0 = Debug|x64
		{598103D4-D943-45D9-9642-716B1596774D}.Debug|x86.ActiveCfg = Debug|Win32
		{598103D4-D943-45D9-9642-716B1596774D}.Debug|x86.Build.0 = Debug|Win32
		{598103D4-D943-45D9-9642-716B1596774D}.Release|x64.ActiveCfg = Release|x64
		{598103D4-D943-45D9-9642-716B1596774D}.Release|x64.Build.0 = Release|x64
		{598103D4-D943-45D9-9642-716B1596774D}.Release|x86.ActiveCfg = Release|Win32
		{598103D4-D943-45D9-9642-716B1596774D}.Release|x86.Build.0 = Release|Win32
	EndGlobalSection
	GlobalSection(SolutionProperties) = preSolution
		HideSolutionNode = FALSE
	EndGlobalSection
	GlobalSection(ExtensibilityGlobals) = postSolution
		SolutionGuid = {0F066B13-55F6-4A3F-863A-6D416662E302}
	EndGlobalSection
EndGlobal
