
Microsoft Visual Studio Solution File, Format Version 12.00
# Visual Studio Version 16
VisualStudioVersion = 16.0.31515.178
MinimumVisualStudioVersion = 10.0.40219.1
Project("{8BC9CEB8-8B4A-11D0-8D11-00A0C91BC942}") = "GIthubTestcpp", "GIthubTestcpp\GIthubTestcpp.vcxproj", "{ABB1A216-8704-4D4F-8C14-04C8225B0A2A}"
EndProject
Project("{8BC9CEB8-8B4A-11D0-8D11-00A0C91BC942}") = "ProgrammingClass", "ProgrammingClass\ProgrammingClass.vcxproj", "{4FDBF8D8-547E-4387-BA88-8D19CB20FE9C}"
EndProject
Project("{8BC9CEB8-8B4A-11D0-8D11-00A0C91BC942}") = "Static_problem_1", "Static_problem_1\Static_problem_1.vcxproj", "{06BA2ED5-EC44-41B1-94D8-8E836519A674}"
EndProject
Project("{8BC9CEB8-8B4A-11D0-8D11-00A0C91BC942}") = "Static_problem_2", "Static_problem_2\Static_problem_2.vcxproj", "{AE18B13D-3745-4A56-B98A-4556741935CF}"
EndProject
Global
	GlobalSection(SolutionConfigurationPlatforms) = preSolution
		Debug|x64 = Debug|x64
		Debug|x86 = Debug|x86
		Release|x64 = Release|x64
		Release|x86 = Release|x86
	EndGlobalSection
	GlobalSection(ProjectConfigurationPlatforms) = postSolution
		{ABB1A216-8704-4D4F-8C14-04C8225B0A2A}.Debug|x64.ActiveCfg = Debug|x64
		{ABB1A216-8704-4D4F-8C14-04C8225B0A2A}.Debug|x64.Build.0 = Debug|x64
		{ABB1A216-8704-4D4F-8C14-04C8225B0A2A}.Debug|x86.ActiveCfg = Debug|Win32
		{ABB1A216-8704-4D4F-8C14-04C8225B0A2A}.Debug|x86.Build.0 = Debug|Win32
		{ABB1A216-8704-4D4F-8C14-04C8225B0A2A}.Release|x64.ActiveCfg = Release|x64
		{ABB1A216-8704-4D4F-8C14-04C8225B0A2A}.Release|x64.Build.0 = Release|x64
		{ABB1A216-8704-4D4F-8C14-04C8225B0A2A}.Release|x86.ActiveCfg = Release|Win32
		{ABB1A216-8704-4D4F-8C14-04C8225B0A2A}.Release|x86.Build.0 = Release|Win32
		{4FDBF8D8-547E-4387-BA88-8D19CB20FE9C}.Debug|x64.ActiveCfg = Debug|x64
		{4FDBF8D8-547E-4387-BA88-8D19CB20FE9C}.Debug|x64.Build.0 = Debug|x64
		{4FDBF8D8-547E-4387-BA88-8D19CB20FE9C}.Debug|x86.ActiveCfg = Debug|Win32
		{4FDBF8D8-547E-4387-BA88-8D19CB20FE9C}.Debug|x86.Build.0 = Debug|Win32
		{4FDBF8D8-547E-4387-BA88-8D19CB20FE9C}.Release|x64.ActiveCfg = Release|x64
		{4FDBF8D8-547E-4387-BA88-8D19CB20FE9C}.Release|x64.Build.0 = Release|x64
		{4FDBF8D8-547E-4387-BA88-8D19CB20FE9C}.Release|x86.ActiveCfg = Release|Win32
		{4FDBF8D8-547E-4387-BA88-8D19CB20FE9C}.Release|x86.Build.0 = Release|Win32
		{06BA2ED5-EC44-41B1-94D8-8E836519A674}.Debug|x64.ActiveCfg = Debug|x64
		{06BA2ED5-EC44-41B1-94D8-8E836519A674}.Debug|x64.Build.0 = Debug|x64
		{06BA2ED5-EC44-41B1-94D8-8E836519A674}.Debug|x86.ActiveCfg = Debug|Win32
		{06BA2ED5-EC44-41B1-94D8-8E836519A674}.Debug|x86.Build.0 = Debug|Win32
		{06BA2ED5-EC44-41B1-94D8-8E836519A674}.Release|x64.ActiveCfg = Release|x64
		{06BA2ED5-EC44-41B1-94D8-8E836519A674}.Release|x64.Build.0 = Release|x64
		{06BA2ED5-EC44-41B1-94D8-8E836519A674}.Release|x86.ActiveCfg = Release|Win32
		{06BA2ED5-EC44-41B1-94D8-8E836519A674}.Release|x86.Build.0 = Release|Win32
		{AE18B13D-3745-4A56-B98A-4556741935CF}.Debug|x64.ActiveCfg = Debug|x64
		{AE18B13D-3745-4A56-B98A-4556741935CF}.Debug|x64.Build.0 = Debug|x64
		{AE18B13D-3745-4A56-B98A-4556741935CF}.Debug|x86.ActiveCfg = Debug|Win32
		{AE18B13D-3745-4A56-B98A-4556741935CF}.Debug|x86.Build.0 = Debug|Win32
		{AE18B13D-3745-4A56-B98A-4556741935CF}.Release|x64.ActiveCfg = Release|x64
		{AE18B13D-3745-4A56-B98A-4556741935CF}.Release|x64.Build.0 = Release|x64
		{AE18B13D-3745-4A56-B98A-4556741935CF}.Release|x86.ActiveCfg = Release|Win32
		{AE18B13D-3745-4A56-B98A-4556741935CF}.Release|x86.Build.0 = Release|Win32
	EndGlobalSection
	GlobalSection(SolutionProperties) = preSolution
		HideSolutionNode = FALSE
	EndGlobalSection
	GlobalSection(ExtensibilityGlobals) = postSolution
		SolutionGuid = {0F066B13-55F6-4A3F-863A-6D416662E302}
	EndGlobalSection
EndGlobal
